
Microsoft Visual Studio Solution File, Format Version 12.00
# Visual Studio Version 17
VisualStudioVersion = 17.6.33712.159
MinimumVisualStudioVersion = 10.0.40219.1
Project("{FAE04EC0-301F-11D3-BF4B-00C04F79EFBC}") = "OPI-Lab5", "OPI-Lab5\OPI-Lab5.csproj", "{39E23081-5F94-4E07-85C6-191F5A16A9D2}"
EndProject
Global
	GlobalSection(SolutionConfigurationPlatforms) = preSolution
		Debug|Any CPU = Debug|Any CPU
		Release|Any CPU = Release|Any CPU
	EndGlobalSection
	GlobalSection(ProjectConfigurationPlatforms) = postSolution
		{39E23081-5F94-4E07-85C6-191F5A16A9D2}.Debug|Any CPU.ActiveCfg = Debug|Any CPU
		{39E23081-5F94-4E07-85C6-191F5A16A9D2}.Debug|Any CPU.Build.0 = Debug|Any CPU
		{39E23081-5F94-4E07-85C6-191F5A16A9D2}.Release|Any CPU.ActiveCfg = Release|Any CPU
		{39E23081-5F94-4E07-85C6-191F5A16A9D2}.Release|Any CPU.Build.0 = Release|Any CPU
	EndGlobalSection
	GlobalSection(SolutionProperties) = preSolution
		HideSolutionNode = FALSE
	EndGlobalSection
	GlobalSection(ExtensibilityGlobals) = postSolution
		SolutionGuid = {C7AA38D5-62B2-4D28-B260-A6FF4F5F3F6B}
	EndGlobalSection
EndGlobal
